
Microsoft Visual Studio Solution File, Format Version 12.00
# Visual Studio Version 17
VisualStudioVersion = 17.0.31903.59
MinimumVisualStudioVersion = 10.0.40219.1
Project("{FAE04EC0-301F-11D3-BF4B-00C04F79EFBC}") = "NetConsoleWalsRiskJira", "NetConsoleWalsRiskJira\NetConsoleWalsRiskJira.csproj", "{B3F3F0D9-5861-42A7-AEED-6DD5C9ECC471}"
EndProject
Project("{FAE04EC0-301F-11D3-BF4B-00C04F79EFBC}") = "NetConsoleWalsRiskJira.Tests", "NetConsoleWalsRiskJira.Tests\NetConsoleWalsRiskJira.Tests.csproj", "{90B40A9D-9862-425C-A924-70E885197628}"
EndProject
Global
	GlobalSection(SolutionConfigurationPlatforms) = preSolution
		Debug|Any CPU = Debug|Any CPU
		Debug|x64 = Debug|x64
		Debug|x86 = Debug|x86
		Release|Any CPU = Release|Any CPU
		Release|x64 = Release|x64
		Release|x86 = Release|x86
	EndGlobalSection
	GlobalSection(ProjectConfigurationPlatforms) = postSolution
		{B3F3F0D9-5861-42A7-AEED-6DD5C9ECC471}.Debug|Any CPU.ActiveCfg = Debug|Any CPU
		{B3F3F0D9-5861-42A7-AEED-6DD5C9ECC471}.Debug|Any CPU.Build.0 = Debug|Any CPU
		{B3F3F0D9-5861-42A7-AEED-6DD5C9ECC471}.Debug|x64.ActiveCfg = Debug|Any CPU
		{B3F3F0D9-5861-42A7-AEED-6DD5C9ECC471}.Debug|x64.Build.0 = Debug|Any CPU
		{B3F3F0D9-5861-42A7-AEED-6DD5C9ECC471}.Debug|x86.ActiveCfg = Debug|Any CPU
		{B3F3F0D9-5861-42A7-AEED-6DD5C9ECC471}.Debug|x86.Build.0 = Debug|Any CPU
		{B3F3F0D9-5861-42A7-AEED-6DD5C9ECC471}.Release|Any CPU.ActiveCfg = Release|Any CPU
		{B3F3F0D9-5861-42A7-AEED-6DD5C9ECC471}.Release|Any CPU.Build.0 = Release|Any CPU
		{B3F3F0D9-5861-42A7-AEED-6DD5C9ECC471}.Release|x64.ActiveCfg = Release|Any CPU
		{B3F3F0D9-5861-42A7-AEED-6DD5C9ECC471}.Release|x64.Build.0 = Release|Any CPU
		{B3F3F0D9-5861-42A7-AEED-6DD5C9ECC471}.Release|x86.ActiveCfg = Release|Any CPU
		{B3F3F0D9-5861-42A7-AEED-6DD5C9ECC471}.Release|x86.Build.0 = Release|Any CPU
		{90B40A9D-9862-425C-A924-70E885197628}.Debug|Any CPU.ActiveCfg = Debug|Any CPU
		{90B40A9D-9862-425C-A924-70E885197628}.Debug|Any CPU.Build.0 = Debug|Any CPU
		{90B40A9D-9862-425C-A924-70E885197628}.Debug|x64.ActiveCfg = Debug|Any CPU
		{90B40A9D-9862-425C-A924-70E885197628}.Debug|x64.Build.0 = Debug|Any CPU
		{90B40A9D-9862-425C-A924-70E885197628}.Debug|x86.ActiveCfg = Debug|Any CPU
		{90B40A9D-9862-425C-A924-70E885197628}.Debug|x86.Build.0 = Debug|Any CPU
		{90B40A9D-9862-425C-A924-70E885197628}.Release|Any CPU.ActiveCfg = Release|Any CPU
		{90B40A9D-9862-425C-A924-70E885197628}.Release|Any CPU.Build.0 = Release|Any CPU
		{90B40A9D-9862-425C-A924-70E885197628}.Release|x64.ActiveCfg = Release|Any CPU
		{90B40A9D-9862-425C-A924-70E885197628}.Release|x64.Build.0 = Release|Any CPU
		{90B40A9D-9862-425C-A924-70E885197628}.Release|x86.ActiveCfg = Release|Any CPU
		{90B40A9D-9862-425C-A924-70E885197628}.Release|x86.Build.0 = Release|Any CPU
	EndGlobalSection
	GlobalSection(SolutionProperties) = preSolution
		HideSolutionNode = FALSE
	EndGlobalSection
EndGlobal
